
Microsoft Visual Studio Solution File, Format Version 12.00
# Visual Studio Version 17
VisualStudioVersion = 17.13.35919.96 d17.13
MinimumVisualStudioVersion = 10.0.40219.1
Project("{FAE04EC0-301F-11D3-BF4B-00C04F79EFBC}") = "SpyMoneySettings", "SpyMoneySettings.csproj", "{74FBC6B8-8365-4B93-B84B-A7D384F1A798}"
EndProject
Global
	GlobalSection(SolutionConfigurationPlatforms) = preSolution
		Debug|Any CPU = Debug|Any CPU
		Release|Any CPU = Release|Any CPU
	EndGlobalSection
	GlobalSection(ProjectConfigurationPlatforms) = postSolution
		{74FBC6B8-8365-4B93-B84B-A7D384F1A798}.Debug|Any CPU.ActiveCfg = Debug|Any CPU
		{74FBC6B8-8365-4B93-B84B-A7D384F1A798}.Debug|Any CPU.Build.0 = Debug|Any CPU
		{74FBC6B8-8365-4B93-B84B-A7D384F1A798}.Release|Any CPU.ActiveCfg = Release|Any CPU
		{74FBC6B8-8365-4B93-B84B-A7D384F1A798}.Release|Any CPU.Build.0 = Release|Any CPU
	EndGlobalSection
	GlobalSection(SolutionProperties) = preSolution
		HideSolutionNode = FALSE
	EndGlobalSection
	GlobalSection(ExtensibilityGlobals) = postSolution
		SolutionGuid = {5B5E1955-1899-4A33-946A-DBC083425F9F}
	EndGlobalSection
EndGlobal
